
Microsoft Visual Studio Solution File, Format Version 12.00
# Visual Studio Version 17
VisualStudioVersion = 17.13.35931.197 d17.13
MinimumVisualStudioVersion = 10.0.40219.1
Project("{FAE04EC0-301F-11D3-BF4B-00C04F79EFBC}") = "PoultrySlaughterPOS", "PoultrySlaughterPOS\PoultrySlaughterPOS.csproj", "{74BA1800-0731-4B37-BF61-825C300AE96A}"
EndProject
Global
	GlobalSection(SolutionConfigurationPlatforms) = preSolution
		Debug|Any CPU = Debug|Any CPU
		Release|Any CPU = Release|Any CPU
	EndGlobalSection
	GlobalSection(ProjectConfigurationPlatforms) = postSolution
		{74BA1800-0731-4B37-BF61-825C300AE96A}.Debug|Any CPU.ActiveCfg = Debug|Any CPU
		{74BA1800-0731-4B37-BF61-825C300AE96A}.Debug|Any CPU.Build.0 = Debug|Any CPU
		{74BA1800-0731-4B37-BF61-825C300AE96A}.Release|Any CPU.ActiveCfg = Release|Any CPU
		{74BA1800-0731-4B37-BF61-825C300AE96A}.Release|Any CPU.Build.0 = Release|Any CPU
	EndGlobalSection
	GlobalSection(SolutionProperties) = preSolution
		HideSolutionNode = FALSE
	EndGlobalSection
	GlobalSection(ExtensibilityGlobals) = postSolution
		SolutionGuid = {CCFB8A79-4BED-4E6A-A9F9-A53FFF4AC485}
	EndGlobalSection
EndGlobal
